
Microsoft Visual Studio Solution File, Format Version 12.00
# Visual Studio 15
VisualStudioVersion = 15.0.26430.16
MinimumVisualStudioVersion = 10.0.40219.1
Project("{FAE04EC0-301F-11D3-BF4B-00C04F79EFBC}") = "ChromaSort", "ColorSort\ChromaSort.csproj", "{C7AD965A-0722-4AB7-B98A-4C86C9DB63C6}"
EndProject
Global
	GlobalSection(SolutionConfigurationPlatforms) = preSolution
		Debug|Any CPU = Debug|Any CPU
		Release|Any CPU = Release|Any CPU
	EndGlobalSection
	GlobalSection(ProjectConfigurationPlatforms) = postSolution
		{C7AD965A-0722-4AB7-B98A-4C86C9DB63C6}.Debug|Any CPU.ActiveCfg = Debug|Any CPU
		{C7AD965A-0722-4AB7-B98A-4C86C9DB63C6}.Debug|Any CPU.Build.0 = Debug|Any CPU
		{C7AD965A-0722-4AB7-B98A-4C86C9DB63C6}.Release|Any CPU.ActiveCfg = Release|Any CPU
		{C7AD965A-0722-4AB7-B98A-4C86C9DB63C6}.Release|Any CPU.Build.0 = Release|Any CPU
	EndGlobalSection
	GlobalSection(SolutionProperties) = preSolution
		HideSolutionNode = FALSE
	EndGlobalSection
	GlobalSection(ExtensibilityGlobals) = postSolution
		SolutionGuid = {78144EE4-4A19-40A9-8089-304618978710}
	EndGlobalSection
EndGlobal
